
Microsoft Visual Studio Solution File, Format Version 10.00
# Visual Studio 2008
Project("{8BC9CEB8-8B4A-11D0-8D11-00A0C91BC942}") = "core", "core\core.vcproj", "{F88CDCE7-36AF-4581-824C-CD23EB02E03F}"
EndProject
Project("{8BC9CEB8-8B4A-11D0-8D11-00A0C91BC942}") = "drivers", "drivers\drivers.vcproj", "{E7BACA00-E4A6-4465-93D7-237A604EAAF8}"
EndProject
Project("{8BC9CEB8-8B4A-11D0-8D11-00A0C91BC942}") = "main", "main\main.vcproj", "{DFBBCDA1-3684-46C2-A3D8-7BF95EC39223}"
	ProjectSection(ProjectDependencies) = postProject
		{2B3D3B3A-2A73-4C6B-B20C-122E621065CA} = {2B3D3B3A-2A73-4C6B-B20C-122E621065CA}
		{6BE02484-9323-4C59-9A2E-E9495A29B920} = {6BE02484-9323-4C59-9A2E-E9495A29B920}
		{7A9A69C0-A4D5-4657-9090-6D0D7D1BC8AF} = {7A9A69C0-A4D5-4657-9090-6D0D7D1BC8AF}
	EndProjectSection
EndProject
Project("{8BC9CEB8-8B4A-11D0-8D11-00A0C91BC942}") = "modules", "modules\modules.vcproj", "{2B3D3B3A-2A73-4C6B-B20C-122E621065CA}"
EndProject
Project("{8BC9CEB8-8B4A-11D0-8D11-00A0C91BC942}") = "scene", "scene\scene.vcproj", "{D4BCA875-B4E1-4729-950F-F1C387CBF329}"
EndProject
Project("{8BC9CEB8-8B4A-11D0-8D11-00A0C91BC942}") = "script", "script\script.vcproj", "{7A9A69C0-A4D5-4657-9090-6D0D7D1BC8AF}"
EndProject
Project("{8BC9CEB8-8B4A-11D0-8D11-00A0C91BC942}") = "servers", "servers\servers.vcproj", "{595297DE-3E2E-4BA0-B2AB-E243D1AFC951}"
EndProject
Project("{8BC9CEB8-8B4A-11D0-8D11-00A0C91BC942}") = "tools", "tools\tools.vcproj", "{E1F040F2-61D5-4B8D-A957-08062DDCFF8D}"
EndProject
Project("{2150E333-8FDC-42A3-9474-1A3956D46DE8}") = "platform", "platform", "{2FB65B8B-BF88-4DA1-9F87-5A7E50E6F255}"
EndProject
Project("{8BC9CEB8-8B4A-11D0-8D11-00A0C91BC942}") = "android", "platform\android\android.vcproj", "{39C74B65-4E23-4977-ADA9-EF7E4936EAC9}"
EndProject
Project("{8BC9CEB8-8B4A-11D0-8D11-00A0C91BC942}") = "bb10", "platform\bb10\bb10.vcproj", "{53B397D0-DB39-492A-9806-A1E198DC8A49}"
EndProject
Project("{8BC9CEB8-8B4A-11D0-8D11-00A0C91BC942}") = "iphone", "platform\iphone\iphone.vcproj", "{3A6C20F0-FE0F-4FB5-B22E-B9F8B6AAF06E}"
EndProject
Project("{8BC9CEB8-8B4A-11D0-8D11-00A0C91BC942}") = "isim", "platform\isim\isim.vcproj", "{C3A43836-E15F-4935-8DC4-39D829695EEB}"
EndProject
Project("{8BC9CEB8-8B4A-11D0-8D11-00A0C91BC942}") = "javascript", "platform\javascript\javascript.vcproj", "{99515877-A1C3-48F8-89D8-FF57F230608B}"
EndProject
Project("{8BC9CEB8-8B4A-11D0-8D11-00A0C91BC942}") = "nacl", "platform\nacl\nacl.vcproj", "{638F412D-62FB-459B-A935-110E654272D0}"
EndProject
Project("{8BC9CEB8-8B4A-11D0-8D11-00A0C91BC942}") = "osx", "platform\osx\osx.vcproj", "{20D193AB-FEFF-423E-A005-63BFAD679DAC}"
EndProject
Project("{8BC9CEB8-8B4A-11D0-8D11-00A0C91BC942}") = "server", "platform\server\server.vcproj", "{8A86AD33-2995-4F7D-BA7B-469E8AAA972F}"
EndProject
Project("{8BC9CEB8-8B4A-11D0-8D11-00A0C91BC942}") = "windows", "platform\windows\windows.vcproj", "{732CC568-4FDD-4D0F-84DC-2B82E333502A}"
	ProjectSection(ProjectDependencies) = postProject
		{E7BACA00-E4A6-4465-93D7-237A604EAAF8} = {E7BACA00-E4A6-4465-93D7-237A604EAAF8}
		{D4BCA875-B4E1-4729-950F-F1C387CBF329} = {D4BCA875-B4E1-4729-950F-F1C387CBF329}
		{DFBBCDA1-3684-46C2-A3D8-7BF95EC39223} = {DFBBCDA1-3684-46C2-A3D8-7BF95EC39223}
		{595297DE-3E2E-4BA0-B2AB-E243D1AFC951} = {595297DE-3E2E-4BA0-B2AB-E243D1AFC951}
		{F88CDCE7-36AF-4581-824C-CD23EB02E03F} = {F88CDCE7-36AF-4581-824C-CD23EB02E03F}
		{E1F040F2-61D5-4B8D-A957-08062DDCFF8D} = {E1F040F2-61D5-4B8D-A957-08062DDCFF8D}
	EndProjectSection
EndProject
Project("{8BC9CEB8-8B4A-11D0-8D11-00A0C91BC942}") = "x11", "platform\x11\x11.vcproj", "{9975AD3D-21BE-4BD3-B5E8-17A4A06FD39A}"
EndProject
Project("{8BC9CEB8-8B4A-11D0-8D11-00A0C91BC942}") = "tests", "bin\tests\tests.vcproj", "{6BE02484-9323-4C59-9A2E-E9495A29B920}"
EndProject
Project("{2150E333-8FDC-42A3-9474-1A3956D46DE8}") = "bin", "bin", "{A0660497-CA3C-49F9-B686-DA29B6B61998}"
EndProject
Global
	GlobalSection(SolutionConfigurationPlatforms) = preSolution
		Debug|Win32 = Debug|Win32
		Release|Win32 = Release|Win32
	EndGlobalSection
	GlobalSection(ProjectConfigurationPlatforms) = postSolution
		{F88CDCE7-36AF-4581-824C-CD23EB02E03F}.Debug|Win32.ActiveCfg = Debug|Win32
		{F88CDCE7-36AF-4581-824C-CD23EB02E03F}.Debug|Win32.Build.0 = Debug|Win32
		{F88CDCE7-36AF-4581-824C-CD23EB02E03F}.Release|Win32.ActiveCfg = Release|Win32
		{F88CDCE7-36AF-4581-824C-CD23EB02E03F}.Release|Win32.Build.0 = Release|Win32
		{E7BACA00-E4A6-4465-93D7-237A604EAAF8}.Debug|Win32.ActiveCfg = Debug|Win32
		{E7BACA00-E4A6-4465-93D7-237A604EAAF8}.Debug|Win32.Build.0 = Debug|Win32
		{E7BACA00-E4A6-4465-93D7-237A604EAAF8}.Release|Win32.ActiveCfg = Release|Win32
		{E7BACA00-E4A6-4465-93D7-237A604EAAF8}.Release|Win32.Build.0 = Release|Win32
		{DFBBCDA1-3684-46C2-A3D8-7BF95EC39223}.Debug|Win32.ActiveCfg = Debug|Win32
		{DFBBCDA1-3684-46C2-A3D8-7BF95EC39223}.Debug|Win32.Build.0 = Debug|Win32
		{DFBBCDA1-3684-46C2-A3D8-7BF95EC39223}.Release|Win32.ActiveCfg = Release|Win32
		{DFBBCDA1-3684-46C2-A3D8-7BF95EC39223}.Release|Win32.Build.0 = Release|Win32
		{2B3D3B3A-2A73-4C6B-B20C-122E621065CA}.Debug|Win32.ActiveCfg = Debug|Win32
		{2B3D3B3A-2A73-4C6B-B20C-122E621065CA}.Debug|Win32.Build.0 = Debug|Win32
		{2B3D3B3A-2A73-4C6B-B20C-122E621065CA}.Release|Win32.ActiveCfg = Release|Win32
		{2B3D3B3A-2A73-4C6B-B20C-122E621065CA}.Release|Win32.Build.0 = Release|Win32
		{D4BCA875-B4E1-4729-950F-F1C387CBF329}.Debug|Win32.ActiveCfg = Debug|Win32
		{D4BCA875-B4E1-4729-950F-F1C387CBF329}.Debug|Win32.Build.0 = Debug|Win32
		{D4BCA875-B4E1-4729-950F-F1C387CBF329}.Release|Win32.ActiveCfg = Release|Win32
		{D4BCA875-B4E1-4729-950F-F1C387CBF329}.Release|Win32.Build.0 = Release|Win32
		{7A9A69C0-A4D5-4657-9090-6D0D7D1BC8AF}.Debug|Win32.ActiveCfg = Debug|Win32
		{7A9A69C0-A4D5-4657-9090-6D0D7D1BC8AF}.Debug|Win32.Build.0 = Debug|Win32
		{7A9A69C0-A4D5-4657-9090-6D0D7D1BC8AF}.Release|Win32.ActiveCfg = Release|Win32
		{7A9A69C0-A4D5-4657-9090-6D0D7D1BC8AF}.Release|Win32.Build.0 = Release|Win32
		{595297DE-3E2E-4BA0-B2AB-E243D1AFC951}.Debug|Win32.ActiveCfg = Debug|Win32
		{595297DE-3E2E-4BA0-B2AB-E243D1AFC951}.Debug|Win32.Build.0 = Debug|Win32
		{595297DE-3E2E-4BA0-B2AB-E243D1AFC951}.Release|Win32.ActiveCfg = Release|Win32
		{595297DE-3E2E-4BA0-B2AB-E243D1AFC951}.Release|Win32.Build.0 = Release|Win32
		{E1F040F2-61D5-4B8D-A957-08062DDCFF8D}.Debug|Win32.ActiveCfg = Debug|Win32
		{E1F040F2-61D5-4B8D-A957-08062DDCFF8D}.Debug|Win32.Build.0 = Debug|Win32
		{E1F040F2-61D5-4B8D-A957-08062DDCFF8D}.Release|Win32.ActiveCfg = Release|Win32
		{E1F040F2-61D5-4B8D-A957-08062DDCFF8D}.Release|Win32.Build.0 = Release|Win32
		{39C74B65-4E23-4977-ADA9-EF7E4936EAC9}.Debug|Win32.ActiveCfg = Debug|Win32
		{39C74B65-4E23-4977-ADA9-EF7E4936EAC9}.Debug|Win32.Build.0 = Debug|Win32
		{39C74B65-4E23-4977-ADA9-EF7E4936EAC9}.Release|Win32.ActiveCfg = Release|Win32
		{39C74B65-4E23-4977-ADA9-EF7E4936EAC9}.Release|Win32.Build.0 = Release|Win32
		{53B397D0-DB39-492A-9806-A1E198DC8A49}.Debug|Win32.ActiveCfg = Debug|Win32
		{53B397D0-DB39-492A-9806-A1E198DC8A49}.Debug|Win32.Build.0 = Debug|Win32
		{53B397D0-DB39-492A-9806-A1E198DC8A49}.Release|Win32.ActiveCfg = Release|Win32
		{53B397D0-DB39-492A-9806-A1E198DC8A49}.Release|Win32.Build.0 = Release|Win32
		{3A6C20F0-FE0F-4FB5-B22E-B9F8B6AAF06E}.Debug|Win32.ActiveCfg = Debug|Win32
		{3A6C20F0-FE0F-4FB5-B22E-B9F8B6AAF06E}.Debug|Win32.Build.0 = Debug|Win32
		{3A6C20F0-FE0F-4FB5-B22E-B9F8B6AAF06E}.Release|Win32.ActiveCfg = Release|Win32
		{3A6C20F0-FE0F-4FB5-B22E-B9F8B6AAF06E}.Release|Win32.Build.0 = Release|Win32
		{C3A43836-E15F-4935-8DC4-39D829695EEB}.Debug|Win32.ActiveCfg = Debug|Win32
		{C3A43836-E15F-4935-8DC4-39D829695EEB}.Debug|Win32.Build.0 = Debug|Win32
		{C3A43836-E15F-4935-8DC4-39D829695EEB}.Release|Win32.ActiveCfg = Release|Win32
		{C3A43836-E15F-4935-8DC4-39D829695EEB}.Release|Win32.Build.0 = Release|Win32
		{99515877-A1C3-48F8-89D8-FF57F230608B}.Debug|Win32.ActiveCfg = Debug|Win32
		{99515877-A1C3-48F8-89D8-FF57F230608B}.Debug|Win32.Build.0 = Debug|Win32
		{99515877-A1C3-48F8-89D8-FF57F230608B}.Release|Win32.ActiveCfg = Release|Win32
		{99515877-A1C3-48F8-89D8-FF57F230608B}.Release|Win32.Build.0 = Release|Win32
		{638F412D-62FB-459B-A935-110E654272D0}.Debug|Win32.ActiveCfg = Debug|Win32
		{638F412D-62FB-459B-A935-110E654272D0}.Debug|Win32.Build.0 = Debug|Win32
		{638F412D-62FB-459B-A935-110E654272D0}.Release|Win32.ActiveCfg = Release|Win32
		{638F412D-62FB-459B-A935-110E654272D0}.Release|Win32.Build.0 = Release|Win32
		{20D193AB-FEFF-423E-A005-63BFAD679DAC}.Debug|Win32.ActiveCfg = Debug|Win32
		{20D193AB-FEFF-423E-A005-63BFAD679DAC}.Debug|Win32.Build.0 = Debug|Win32
		{20D193AB-FEFF-423E-A005-63BFAD679DAC}.Release|Win32.ActiveCfg = Release|Win32
		{20D193AB-FEFF-423E-A005-63BFAD679DAC}.Release|Win32.Build.0 = Release|Win32
		{8A86AD33-2995-4F7D-BA7B-469E8AAA972F}.Debug|Win32.ActiveCfg = Debug|Win32
		{8A86AD33-2995-4F7D-BA7B-469E8AAA972F}.Debug|Win32.Build.0 = Debug|Win32
		{8A86AD33-2995-4F7D-BA7B-469E8AAA972F}.Release|Win32.ActiveCfg = Release|Win32
		{8A86AD33-2995-4F7D-BA7B-469E8AAA972F}.Release|Win32.Build.0 = Release|Win32
		{732CC568-4FDD-4D0F-84DC-2B82E333502A}.Debug|Win32.ActiveCfg = Debug|Win32
		{732CC568-4FDD-4D0F-84DC-2B82E333502A}.Debug|Win32.Build.0 = Debug|Win32
		{732CC568-4FDD-4D0F-84DC-2B82E333502A}.Release|Win32.ActiveCfg = Release|Win32
		{732CC568-4FDD-4D0F-84DC-2B82E333502A}.Release|Win32.Build.0 = Release|Win32
		{9975AD3D-21BE-4BD3-B5E8-17A4A06FD39A}.Debug|Win32.ActiveCfg = Debug|Win32
		{9975AD3D-21BE-4BD3-B5E8-17A4A06FD39A}.Debug|Win32.Build.0 = Debug|Win32
		{9975AD3D-21BE-4BD3-B5E8-17A4A06FD39A}.Release|Win32.ActiveCfg = Release|Win32
		{9975AD3D-21BE-4BD3-B5E8-17A4A06FD39A}.Release|Win32.Build.0 = Release|Win32
		{6BE02484-9323-4C59-9A2E-E9495A29B920}.Debug|Win32.ActiveCfg = Debug|Win32
		{6BE02484-9323-4C59-9A2E-E9495A29B920}.Debug|Win32.Build.0 = Debug|Win32
		{6BE02484-9323-4C59-9A2E-E9495A29B920}.Release|Win32.ActiveCfg = Release|Win32
		{6BE02484-9323-4C59-9A2E-E9495A29B920}.Release|Win32.Build.0 = Release|Win32
	EndGlobalSection
	GlobalSection(SolutionProperties) = preSolution
		HideSolutionNode = FALSE
	EndGlobalSection
	GlobalSection(NestedProjects) = preSolution
		{39C74B65-4E23-4977-ADA9-EF7E4936EAC9} = {2FB65B8B-BF88-4DA1-9F87-5A7E50E6F255}
		{53B397D0-DB39-492A-9806-A1E198DC8A49} = {2FB65B8B-BF88-4DA1-9F87-5A7E50E6F255}
		{3A6C20F0-FE0F-4FB5-B22E-B9F8B6AAF06E} = {2FB65B8B-BF88-4DA1-9F87-5A7E50E6F255}
		{C3A43836-E15F-4935-8DC4-39D829695EEB} = {2FB65B8B-BF88-4DA1-9F87-5A7E50E6F255}
		{99515877-A1C3-48F8-89D8-FF57F230608B} = {2FB65B8B-BF88-4DA1-9F87-5A7E50E6F255}
		{638F412D-62FB-459B-A935-110E654272D0} = {2FB65B8B-BF88-4DA1-9F87-5A7E50E6F255}
		{20D193AB-FEFF-423E-A005-63BFAD679DAC} = {2FB65B8B-BF88-4DA1-9F87-5A7E50E6F255}
		{8A86AD33-2995-4F7D-BA7B-469E8AAA972F} = {2FB65B8B-BF88-4DA1-9F87-5A7E50E6F255}
		{732CC568-4FDD-4D0F-84DC-2B82E333502A} = {2FB65B8B-BF88-4DA1-9F87-5A7E50E6F255}
		{9975AD3D-21BE-4BD3-B5E8-17A4A06FD39A} = {2FB65B8B-BF88-4DA1-9F87-5A7E50E6F255}
		{6BE02484-9323-4C59-9A2E-E9495A29B920} = {A0660497-CA3C-49F9-B686-DA29B6B61998}
	EndGlobalSection
EndGlobal
